schema: '2.0'
stages:
  data_ingestion:
    cmd: .\.venv\Scripts\python src/data_ingestion.py
    deps:
    - path: src/data_ingestion.py
      hash: md5
      md5: bb0a77d34f6a8325bb999fcb0bb4f000
      size: 3614
    params:
      params.yaml:
        data_ingestion.test_size: 0.3
    outs:
    - path: data/raw
      hash: md5
      md5: d26befd2dda9438254177d9000d9ba1f.dir
      size: 484846
      nfiles: 2
  data_preprocessing:
    cmd: .\.venv\Scripts\python src/data_preprocessing.py
    deps:
    - path: data/raw
      hash: md5
      md5: d26befd2dda9438254177d9000d9ba1f.dir
      size: 484846
      nfiles: 2
    - path: src/data_preprocessing.py
      hash: md5
      md5: ae0059b79590609927f72e3c373f1865
      size: 3973
    outs:
    - path: data/interim
      hash: md5
      md5: 61ca13b2e20854a1f7bacbbcfeca409e.dir
      size: 262513
      nfiles: 2
  feature_engineering:
    cmd: .\.venv\Scripts\python src/feature_engineering.py
    deps:
    - path: data/interim
      hash: md5
      md5: 61ca13b2e20854a1f7bacbbcfeca409e.dir
      size: 262513
      nfiles: 2
    - path: src/feature_engineering.py
      hash: md5
      md5: dc1645c2ce1d4ec62bcb0df4bfc703e6
      size: 4296
    params:
      params.yaml:
        feature_engineering.max_features: 100
    outs:
    - path: data/processed
      hash: md5
      md5: 50ed3153e6f7be33ab6b40d2aa5a0820.dir
      size: 2318671
      nfiles: 2
  model_building:
    cmd: .\.venv\Scripts\python src/model_building.py
    deps:
    - path: data/processed
      hash: md5
      md5: 50ed3153e6f7be33ab6b40d2aa5a0820.dir
      size: 2318671
      nfiles: 2
    - path: src/model_building.py
      hash: md5
      md5: b8211d4fca24abd0f09602108ec58924
      size: 4423
    params:
      params.yaml:
        model_building.n_estimators: 30
        model_building.random_state: 23
    outs:
    - path: models/model.pkl
      hash: md5
      md5: 3e299f8e9252f3f1bf252a3d2fab8947
      size: 1381057
  model_evaluation:
    cmd: .\.venv\Scripts\python src/model_evaluation.py
    deps:
    - path: models/model.pkl
      hash: md5
      md5: 3e299f8e9252f3f1bf252a3d2fab8947
      size: 1381057
    - path: src/model_evaluation.py
      hash: md5
      md5: 616591419be5b15ff4c58ce49f457103
      size: 4756
    outs:
    - path: reports/metrics.json
      hash: md5
      md5: cd2be5520c216a93af9949c5205f2276
      size: 145
